<Solution>
  <Folder Name="/src/Analyzers/">
    <Project Path="src/Analyzers/CustomerManagementSystem.Analyzers.Package/CustomerManagementSystem.Analyzers.Package.csproj" />
    <Project Path="src/Analyzers/CustomerManagementSystem.Analyzers/CustomerManagementSystem.Analyzers.csproj" />
    <Project Path="src/Analyzers/CustomerManagementSystem.CodeFixProviders/CustomerManagementSystem.CodeFixProviders.csproj" />
  </Folder>
  <Folder Name="/src/App/">
    <Project Path="src/App/CustomerManagementSystem.Api.Contracts/CustomerManagementSystem.Api.Contracts.csproj" />
    <Project Path="src/App/CustomerManagementSystem.Api/CustomerManagementSystem.Api.csproj" />
    <Project Path="src/App/CustomerManagementSystem.CosmosDbStore/CustomerManagementSystem.CosmosDbStore.csproj" />
    <Project Path="src/App/CustomerManagementSystem.Domain/CustomerManagementSystem.Domain.csproj" />
    <Project Path="src/App/CustomerManagementSystem.WebApp/CustomerManagementSystem.WebApp.csproj" />
  </Folder>
  <Folder Name="/src/SourceGenerator/">
    <Project Path="src/SourceGenerator/CustomerManagementSystem.EventStoreSrouceGenerator/CustomerManagementSystem.EventStoreSrouceGenerator.csproj" />
  </Folder>
  <Folder Name="/test/Analyzers/">
    <Project Path="test/Analyzers/CustomerManagementSystem.Analyzers.Tests/CustomerManagementSystem.Analyzers.Tests.csproj" />
  </Folder>
  <Folder Name="/test/SourceGenerator/">
    <Project Path="test/SourceGenerator/CustomerManagementSystem.EventStoreSrouceGenerator.Tests/CustomerManagementSystem.EventStoreSrouceGenerator.Tests.csproj" />
  </Folder>
  <Folder Name="/_globals/">
    <File Path=".gitignore" />
    <File Path="Directory.Packages.props" />
    <File Path="global.json" />
  </Folder>
</Solution>
